
Microsoft Visual Studio Solution File, Format Version 12.00
Project("{FAE04EC0-301F-11D3-BF4B-00C04F79EFBC}") = "Piwo", "Piwo.csproj", "{E0582F14-4C38-4E36-B01D-3D2A47BF4087}"
EndProject
Global
	GlobalSection(SolutionConfigurationPlatforms) = preSolution
		Debug|Any CPU = Debug|Any CPU
		Release|Any CPU = Release|Any CPU
	EndGlobalSection
	GlobalSection(ProjectConfigurationPlatforms) = postSolution
		{E0582F14-4C38-4E36-B01D-3D2A47BF4087}.Debug|Any CPU.ActiveCfg = Debug|Any CPU
		{E0582F14-4C38-4E36-B01D-3D2A47BF4087}.Debug|Any CPU.Build.0 = Debug|Any CPU
		{E0582F14-4C38-4E36-B01D-3D2A47BF4087}.Release|Any CPU.ActiveCfg = Release|Any CPU
		{E0582F14-4C38-4E36-B01D-3D2A47BF4087}.Release|Any CPU.Build.0 = Release|Any CPU
	EndGlobalSection
EndGlobal
